{
    "requires": true,
    "lockfileVersion": 1,
    "dependencies": {
        "@aws-cdk/assets": {
            "version": "1.47.0",
            "resolved": "https://registry.npmjs.org/@aws-cdk/assets/-/assets-1.47.0.tgz",
            "integrity": "sha512-CZOzfiyrsEY5WM37mwDMd6y3hrUo0APoQtZwNu5JTQAHW28oyMreKvRuJ2UdSTtp9J8d5bG/vUZbGvgHwFd1pQ==",
            "dev": true,
            "requires": {
                "@aws-cdk/core": "1.47.0",
                "@aws-cdk/cx-api": "1.47.0",
                "constructs": "^3.0.2"
            }
        },
        "@aws-cdk/aws-apigateway": {
            "version": "1.47.0",
            "resolved": "https://registry.npmjs.org/@aws-cdk/aws-apigateway/-/aws-apigateway-1.47.0.tgz",
            "integrity": "sha512-JG07BAp5S+lsfu/tK9bU19ujmZ1enLzbXDhcuJmnfTZ0xgp9rgwVyIXOWZ92KyPR4NHQ6H4qTdLhHuOx0+dt/A==",
            "dev": true,
            "requires": {
                "@aws-cdk/assets": "1.47.0",
                "@aws-cdk/aws-certificatemanager": "1.47.0",
                "@aws-cdk/aws-ec2": "1.47.0",
                "@aws-cdk/aws-elasticloadbalancingv2": "1.47.0",
                "@aws-cdk/aws-iam": "1.47.0",
                "@aws-cdk/aws-lambda": "1.47.0",
                "@aws-cdk/aws-logs": "1.47.0",
                "@aws-cdk/aws-s3": "1.47.0",
                "@aws-cdk/aws-s3-assets": "1.47.0",
                "@aws-cdk/core": "1.47.0",
                "@aws-cdk/cx-api": "1.47.0",
                "constructs": "^3.0.2"
            }
        },
        "@aws-cdk/aws-apigatewayv2": {
            "version": "1.47.0",
            "resolved": "https://registry.npmjs.org/@aws-cdk/aws-apigatewayv2/-/aws-apigatewayv2-1.47.0.tgz",
            "integrity": "sha512-HzLmaAEXYDahxJAoXJTGr5st0sBK0072E4J7sMRSveYxi/paX45Nxva8Qy1fVbo0KZGxRP6g6GztpkwnQgYbmg==",
            "dev": true,
            "requires": {
                "@aws-cdk/aws-iam": "1.47.0",
                "@aws-cdk/aws-lambda": "1.47.0",
                "@aws-cdk/core": "1.47.0",
                "constructs": "^3.0.2"
            }
        },
        "@aws-cdk/aws-applicationautoscaling": {
            "version": "1.47.0",
            "resolved": "https://registry.npmjs.org/@aws-cdk/aws-applicationautoscaling/-/aws-applicationautoscaling-1.47.0.tgz",
            "integrity": "sha512-cYl0o8IHqlrEjH1G1UOR1Y2Ft3KwdQymB8mbClsR5y6ciGIJRxP5REDx2ZrHJElHT1WCFs50M5X2lgnIWUikrg==",
            "dev": true,
            "requires": {
                "@aws-cdk/aws-autoscaling-common": "1.47.0",
                "@aws-cdk/aws-cloudwatch": "1.47.0",
                "@aws-cdk/aws-iam": "1.47.0",
                "@aws-cdk/core": "1.47.0",
                "constructs": "^3.0.2"
            }
        },
        "@aws-cdk/aws-autoscaling-common": {
            "version": "1.47.0",
            "resolved": "https://registry.npmjs.org/@aws-cdk/aws-autoscaling-common/-/aws-autoscaling-common-1.47.0.tgz",
            "integrity": "sha512-BbP49pu9lZA4ICAYdAbGkeORYieUHPrLWB+p4uhv1oG6nMj0CsYn9WugumMrNZrjvqee6hAHL/UZWHMN7bapbA==",
            "dev": true,
            "requires": {
                "@aws-cdk/aws-iam": "1.47.0",
                "@aws-cdk/core": "1.47.0",
                "constructs": "^3.0.2"
            }
        },
        "@aws-cdk/aws-certificatemanager": {
            "version": "1.47.0",
            "resolved": "https://registry.npmjs.org/@aws-cdk/aws-certificatemanager/-/aws-certificatemanager-1.47.0.tgz",
            "integrity": "sha512-j6NTqX67A06zo6wovEvO4CgKgrdhE9fQ3Rp6vhi2WXq4egtq5OU4Pwngmdc4QkxQ5lR5iVr0dOwOGE6ujmML+A==",
            "dev": true,
            "requires": {
                "@aws-cdk/aws-iam": "1.47.0",
                "@aws-cdk/aws-lambda": "1.47.0",
                "@aws-cdk/aws-route53": "1.47.0",
                "@aws-cdk/core": "1.47.0",
                "constructs": "^3.0.2"
            }
        },
        "@aws-cdk/aws-cloudformation": {
            "version": "1.47.0",
            "resolved": "https://registry.npmjs.org/@aws-cdk/aws-cloudformation/-/aws-cloudformation-1.47.0.tgz",
            "integrity": "sha512-PPmvLPjQPRJN2SySrlJCTjXdV1C5ki26C3YZMF3ICz58cgQgjwGzX/oUN8QeNS9909HeGDB7QwRUz7GrgObhVw==",
            "dev": true,
            "requires": {
                "@aws-cdk/aws-iam": "1.47.0",
                "@aws-cdk/aws-lambda": "1.47.0",
                "@aws-cdk/aws-s3": "1.47.0",
                "@aws-cdk/aws-sns": "1.47.0",
                "@aws-cdk/core": "1.47.0",
                "@aws-cdk/cx-api": "1.47.0",
                "constructs": "^3.0.2"
            }
        },
        "@aws-cdk/aws-cloudfront": {
            "version": "1.47.0",
            "resolved": "https://registry.npmjs.org/@aws-cdk/aws-cloudfront/-/aws-cloudfront-1.47.0.tgz",
            "integrity": "sha512-POCZ8dV7h+tbkWzFrmMMBhYD9LjKctQo2mL+kZJJf26Jemvjw3S2kswyZLjA8nC3C44wJJDL7LM7sorw7BlJiw==",
            "dev": true,
            "requires": {
                "@aws-cdk/aws-certificatemanager": "1.47.0",
                "@aws-cdk/aws-iam": "1.47.0",
                "@aws-cdk/aws-kms": "1.47.0",
                "@aws-cdk/aws-lambda": "1.47.0",
                "@aws-cdk/aws-s3": "1.47.0",
                "@aws-cdk/core": "1.47.0",
                "constructs": "^3.0.2"
            }
        },
        "@aws-cdk/aws-cloudwatch": {
            "version": "1.47.0",
            "resolved": "https://registry.npmjs.org/@aws-cdk/aws-cloudwatch/-/aws-cloudwatch-1.47.0.tgz",
            "integrity": "sha512-1hEI7E7x9rOFnd3DocA/QL7QKNaLfhRV8jtrY/+pCEdS3gGBInLzfbkzibK/bpzwi/Ikv1fihx+j7G/Q944v9g==",
            "dev": true,
            "requires": {
                "@aws-cdk/aws-iam": "1.47.0",
                "@aws-cdk/core": "1.47.0",
                "constructs": "^3.0.2"
            }
        },
        "@aws-cdk/aws-dynamodb": {
            "version": "1.47.0",
            "resolved": "https://registry.npmjs.org/@aws-cdk/aws-dynamodb/-/aws-dynamodb-1.47.0.tgz",
            "integrity": "sha512-dKk3ZujtOPahUq6hynN7dj4L7XbShhuIuqcsKKz9D1B8uZS/PryCvuVN98r+tp5BZ3P4ikchMdyjC0LFp4qqGg==",
            "dev": true,
            "requires": {
                "@aws-cdk/aws-applicationautoscaling": "1.47.0",
                "@aws-cdk/aws-cloudwatch": "1.47.0",
                "@aws-cdk/aws-iam": "1.47.0",
                "@aws-cdk/aws-kms": "1.47.0",
                "@aws-cdk/aws-lambda": "1.47.0",
                "@aws-cdk/core": "1.47.0",
                "@aws-cdk/custom-resources": "1.47.0",
                "constructs": "^3.0.2"
            }
        },
        "@aws-cdk/aws-ec2": {
            "version": "1.47.0",
            "resolved": "https://registry.npmjs.org/@aws-cdk/aws-ec2/-/aws-ec2-1.47.0.tgz",
            "integrity": "sha512-GH81MFJhSPu/ghCRjZf7tj+o4lc/TjHwPZMmB4V1bDRaHInESeFF+2H5YJz1J+d4zn9Gl5aSxtUFWdSFPaB5Jw==",
            "dev": true,
            "requires": {
                "@aws-cdk/aws-cloudwatch": "1.47.0",
                "@aws-cdk/aws-iam": "1.47.0",
                "@aws-cdk/aws-logs": "1.47.0",
                "@aws-cdk/aws-s3": "1.47.0",
                "@aws-cdk/aws-ssm": "1.47.0",
                "@aws-cdk/cloud-assembly-schema": "1.47.0",
                "@aws-cdk/core": "1.47.0",
                "@aws-cdk/cx-api": "1.47.0",
                "@aws-cdk/region-info": "1.47.0",
                "constructs": "^3.0.2"
            }
        },
        "@aws-cdk/aws-elasticloadbalancingv2": {
            "version": "1.47.0",
            "resolved": "https://registry.npmjs.org/@aws-cdk/aws-elasticloadbalancingv2/-/aws-elasticloadbalancingv2-1.47.0.tgz",
            "integrity": "sha512-YRUQI5lIMZpB0gXkNZHqOGQ9CxeyegYkNPwR3UmoMJhsbAMcBULOGKaN3VjlIx1CkJDFiF7aNi7eIgbvGybQbw==",
            "dev": true,
            "requires": {
                "@aws-cdk/aws-certificatemanager": "1.47.0",
                "@aws-cdk/aws-cloudwatch": "1.47.0",
                "@aws-cdk/aws-ec2": "1.47.0",
                "@aws-cdk/aws-iam": "1.47.0",
                "@aws-cdk/aws-lambda": "1.47.0",
                "@aws-cdk/aws-s3": "1.47.0",
                "@aws-cdk/core": "1.47.0",
                "constructs": "^3.0.2"
            }
        },
        "@aws-cdk/aws-events": {
            "version": "1.47.0",
            "resolved": "https://registry.npmjs.org/@aws-cdk/aws-events/-/aws-events-1.47.0.tgz",
            "integrity": "sha512-Okw4FTF1UVewOlXUnA0MOT+Ug3eQ2dntjBTig0s7XpB2JwWEHdCVVkeybgze+3vV9htoxsGQghiMm2o4efs56A==",
            "dev": true,
            "requires": {
                "@aws-cdk/aws-iam": "1.47.0",
                "@aws-cdk/core": "1.47.0",
                "constructs": "^3.0.2"
            }
        },
        "@aws-cdk/aws-iam": {
            "version": "1.47.0",
            "resolved": "https://registry.npmjs.org/@aws-cdk/aws-iam/-/aws-iam-1.47.0.tgz",
            "integrity": "sha512-gqs9Z63qCo3PuR3ORAS8ZahDPLBNFXJypfKEUJ4FNDXH0Co/bmICtnFawQa9N9Cqhrdd935x2r9FH02M26/WnA==",
            "dev": true,
            "requires": {
                "@aws-cdk/core": "1.47.0",
                "@aws-cdk/region-info": "1.47.0",
                "constructs": "^3.0.2"
            }
        },
        "@aws-cdk/aws-kinesis": {
            "version": "1.47.0",
            "resolved": "https://registry.npmjs.org/@aws-cdk/aws-kinesis/-/aws-kinesis-1.47.0.tgz",
            "integrity": "sha512-h4zX2/EaU6JbklUCRryFi6j2h9kwXErvm9tP2l52QP5CMXpumiZowTV9bZXElIPT60Bow783DnLSb8pt8Oi94Q==",
            "dev": true,
            "requires": {
                "@aws-cdk/aws-iam": "1.47.0",
                "@aws-cdk/aws-kms": "1.47.0",
                "@aws-cdk/aws-logs": "1.47.0",
                "@aws-cdk/core": "1.47.0",
                "constructs": "^3.0.2"
            }
        },
        "@aws-cdk/aws-kms": {
            "version": "1.47.0",
            "resolved": "https://registry.npmjs.org/@aws-cdk/aws-kms/-/aws-kms-1.47.0.tgz",
            "integrity": "sha512-+g5NZHI6zLADftfo9SDIAWphHc88CSm7RYTTZ6b7eVOGZK5kYxYHPdU/YXaTIi74h3d8KTyC5dXVpXb1B5sIOw==",
            "dev": true,
            "requires": {
                "@aws-cdk/aws-iam": "1.47.0",
                "@aws-cdk/core": "1.47.0",
                "constructs": "^3.0.2"
            }
        },
        "@aws-cdk/aws-lambda": {
            "version": "1.47.0",
            "resolved": "https://registry.npmjs.org/@aws-cdk/aws-lambda/-/aws-lambda-1.47.0.tgz",
            "integrity": "sha512-r/nt9S7KeEX7Ak6mKAXE1r/AEQIIBHP2NS6MOmph7nkW1CWZgvJK0fxdKrMDFgp6VFV/9+x0upXEYysOXjsfkQ==",
            "dev": true,
            "requires": {
                "@aws-cdk/aws-cloudwatch": "1.47.0",
                "@aws-cdk/aws-ec2": "1.47.0",
                "@aws-cdk/aws-events": "1.47.0",
                "@aws-cdk/aws-iam": "1.47.0",
                "@aws-cdk/aws-logs": "1.47.0",
                "@aws-cdk/aws-s3": "1.47.0",
                "@aws-cdk/aws-s3-assets": "1.47.0",
                "@aws-cdk/aws-sqs": "1.47.0",
                "@aws-cdk/core": "1.47.0",
                "@aws-cdk/cx-api": "1.47.0",
                "constructs": "^3.0.2"
            }
        },
        "@aws-cdk/aws-lambda-event-sources": {
            "version": "1.47.0",
            "resolved": "https://registry.npmjs.org/@aws-cdk/aws-lambda-event-sources/-/aws-lambda-event-sources-1.47.0.tgz",
            "integrity": "sha512-FmabZOyDAT/wYWa8TRV1zU9VhkPOmxFKAEIp04wtdQT1GwZbvaRaMN3jKvdKRQXAzc5N/3Fe7LJUZqwSZhS0nA==",
            "dev": true,
            "requires": {
                "@aws-cdk/aws-apigateway": "1.47.0",
                "@aws-cdk/aws-dynamodb": "1.47.0",
                "@aws-cdk/aws-events": "1.47.0",
                "@aws-cdk/aws-iam": "1.47.0",
                "@aws-cdk/aws-kinesis": "1.47.0",
                "@aws-cdk/aws-lambda": "1.47.0",
                "@aws-cdk/aws-s3": "1.47.0",
                "@aws-cdk/aws-s3-notifications": "1.47.0",
                "@aws-cdk/aws-sns": "1.47.0",
                "@aws-cdk/aws-sns-subscriptions": "1.47.0",
                "@aws-cdk/aws-sqs": "1.47.0",
                "@aws-cdk/core": "1.47.0",
                "constructs": "^3.0.2"
            }
        },
        "@aws-cdk/aws-logs": {
            "version": "1.47.0",
            "resolved": "https://registry.npmjs.org/@aws-cdk/aws-logs/-/aws-logs-1.47.0.tgz",
            "integrity": "sha512-Ni8Pxn005SUgZrxkK3U7MT7y+taET68Ks9rE7EQHYxhoncgA3pxI+eT+4IzCwRVdD2/K2io090UbZd0fZP9OIw==",
            "dev": true,
            "requires": {
                "@aws-cdk/aws-cloudwatch": "1.47.0",
                "@aws-cdk/aws-iam": "1.47.0",
                "@aws-cdk/core": "1.47.0",
                "constructs": "^3.0.2"
            }
        },
        "@aws-cdk/aws-route53": {
            "version": "1.47.0",
            "resolved": "https://registry.npmjs.org/@aws-cdk/aws-route53/-/aws-route53-1.47.0.tgz",
            "integrity": "sha512-sHrP/3R/yydKrYzNYfXsATMjBjmE3F0MM0qVnPpEcbPJWuz2ZkXrS2bujkyovJP/N0Sp+BiLz6La2mwii+9tyA==",
            "dev": true,
            "requires": {
                "@aws-cdk/aws-ec2": "1.47.0",
                "@aws-cdk/aws-logs": "1.47.0",
                "@aws-cdk/cloud-assembly-schema": "1.47.0",
                "@aws-cdk/core": "1.47.0",
                "constructs": "^3.0.2"
            }
        },
        "@aws-cdk/aws-s3": {
            "version": "1.47.0",
            "resolved": "https://registry.npmjs.org/@aws-cdk/aws-s3/-/aws-s3-1.47.0.tgz",
            "integrity": "sha512-HwH5cBYLaRKHeYix1HKlbXCC11ZYsm8IKgQaR/1qW2SBIivMEquFIJY3Y2bPiIt3cDt03gVWxvhPdk6/3Aw/nQ==",
            "dev": true,
            "requires": {
                "@aws-cdk/aws-events": "1.47.0",
                "@aws-cdk/aws-iam": "1.47.0",
                "@aws-cdk/aws-kms": "1.47.0",
                "@aws-cdk/core": "1.47.0",
                "constructs": "^3.0.2"
            }
        },
        "@aws-cdk/aws-s3-assets": {
            "version": "1.47.0",
            "resolved": "https://registry.npmjs.org/@aws-cdk/aws-s3-assets/-/aws-s3-assets-1.47.0.tgz",
            "integrity": "sha512-BcHGk5RmblEjmvXQ1fyPeLC58nSdpjuubQvvI1sJ7LSxOx7evZB5dZrDZH+7m+N+KszlWsIHYVUXpKBuEAT5bQ==",
            "dev": true,
            "requires": {
                "@aws-cdk/assets": "1.47.0",
                "@aws-cdk/aws-iam": "1.47.0",
                "@aws-cdk/aws-kms": "1.47.0",
                "@aws-cdk/aws-s3": "1.47.0",
                "@aws-cdk/core": "1.47.0",
                "@aws-cdk/cx-api": "1.47.0",
                "constructs": "^3.0.2"
            }
        },
        "@aws-cdk/aws-s3-deployment": {
            "version": "1.47.0",
            "resolved": "https://registry.npmjs.org/@aws-cdk/aws-s3-deployment/-/aws-s3-deployment-1.47.0.tgz",
            "integrity": "sha512-0dgIrSvZZuhSy1dOFI7zt2sorNsOsuT3/IQkwDD0E+mYhPOj75i8mGc4MF5y/bMUAcLe3Glu2sSrcRUUIJZhKQ==",
            "dev": true,
            "requires": {
                "@aws-cdk/aws-cloudfront": "1.47.0",
                "@aws-cdk/aws-iam": "1.47.0",
                "@aws-cdk/aws-lambda": "1.47.0",
                "@aws-cdk/aws-s3": "1.47.0",
                "@aws-cdk/aws-s3-assets": "1.47.0",
                "@aws-cdk/core": "1.47.0",
                "constructs": "^3.0.2"
            }
        },
        "@aws-cdk/aws-s3-notifications": {
            "version": "1.47.0",
            "resolved": "https://registry.npmjs.org/@aws-cdk/aws-s3-notifications/-/aws-s3-notifications-1.47.0.tgz",
            "integrity": "sha512-fFsHnJW+AiL9bGQ6+V0cJt2r73Zf7hAnbCy7pdxQewaOmN9ysIQy0w1ShjRAUV+pav5I9lN6gi8c5WONUCNK8g==",
            "dev": true,
            "requires": {
                "@aws-cdk/aws-iam": "1.47.0",
                "@aws-cdk/aws-lambda": "1.47.0",
                "@aws-cdk/aws-s3": "1.47.0",
                "@aws-cdk/aws-sns": "1.47.0",
                "@aws-cdk/aws-sqs": "1.47.0",
                "@aws-cdk/core": "1.47.0",
                "constructs": "^3.0.2"
            }
        },
        "@aws-cdk/aws-sns": {
            "version": "1.47.0",
            "resolved": "https://registry.npmjs.org/@aws-cdk/aws-sns/-/aws-sns-1.47.0.tgz",
            "integrity": "sha512-L6dk87X80cN9laxUVH7pzWRHde1M5maOpR8iUNJtTB5UtltDnw+B/5PLm/SI6IT1m8vT2dwntPIc+h6Q3IVbsQ==",
            "dev": true,
            "requires": {
                "@aws-cdk/aws-cloudwatch": "1.47.0",
                "@aws-cdk/aws-events": "1.47.0",
                "@aws-cdk/aws-iam": "1.47.0",
                "@aws-cdk/aws-kms": "1.47.0",
                "@aws-cdk/aws-sqs": "1.47.0",
                "@aws-cdk/core": "1.47.0",
                "constructs": "^3.0.2"
            }
        },
        "@aws-cdk/aws-sns-subscriptions": {
            "version": "1.47.0",
            "resolved": "https://registry.npmjs.org/@aws-cdk/aws-sns-subscriptions/-/aws-sns-subscriptions-1.47.0.tgz",
            "integrity": "sha512-mInBEEooehSj13+pzphefniMKTMY9hqY0l4loM7Bir8EZQRahK2jyGNXioeMGR120wQQHVljQWxOVXepL0oLog==",
            "dev": true,
            "requires": {
                "@aws-cdk/aws-iam": "1.47.0",
                "@aws-cdk/aws-lambda": "1.47.0",
                "@aws-cdk/aws-sns": "1.47.0",
                "@aws-cdk/aws-sqs": "1.47.0",
                "@aws-cdk/core": "1.47.0",
                "constructs": "^3.0.2"
            }
        },
        "@aws-cdk/aws-sqs": {
            "version": "1.47.0",
            "resolved": "https://registry.npmjs.org/@aws-cdk/aws-sqs/-/aws-sqs-1.47.0.tgz",
            "integrity": "sha512-1JknoY/DRh/PP+mPcD7q4M/mD8GFVlTtmpWaiB6FUbs/Mfi6PbJGEBT3BDXic2t9U+twfP6ZF2Fxf6aLuTREFA==",
            "dev": true,
            "requires": {
                "@aws-cdk/aws-cloudwatch": "1.47.0",
                "@aws-cdk/aws-iam": "1.47.0",
                "@aws-cdk/aws-kms": "1.47.0",
                "@aws-cdk/core": "1.47.0",
                "constructs": "^3.0.2"
            }
        },
        "@aws-cdk/aws-ssm": {
            "version": "1.47.0",
            "resolved": "https://registry.npmjs.org/@aws-cdk/aws-ssm/-/aws-ssm-1.47.0.tgz",
            "integrity": "sha512-uA010mSU/2GZOUyarqfIQxW+7nxsQzXjOYpBJoOhFW9kk9cPkfBIPudIxcP/yXWofC5FwcEsg44aEzVljDuq1w==",
            "dev": true,
            "requires": {
                "@aws-cdk/aws-iam": "1.47.0",
                "@aws-cdk/aws-kms": "1.47.0",
                "@aws-cdk/cloud-assembly-schema": "1.47.0",
                "@aws-cdk/core": "1.47.0",
                "constructs": "^3.0.2"
            }
        },
        "@aws-cdk/cloud-assembly-schema": {
            "version": "1.47.0",
            "resolved": "https://registry.npmjs.org/@aws-cdk/cloud-assembly-schema/-/cloud-assembly-schema-1.47.0.tgz",
            "integrity": "sha512-tlTCInqxS8eyztSraZxVdT+VnNX2EUNPifFNH5EOFUBCXo/18Ae/TgDl2XoioEurUha4Zvyepy7KscXMuGQY9Q==",
            "dev": true,
            "requires": {
                "jsonschema": "^1.2.5",
                "semver": "^7.2.2"
            },
            "dependencies": {
                "jsonschema": {
                    "version": "1.2.6",
                    "bundled": true,
                    "dev": true
                },
                "semver": {
                    "version": "7.3.2",
                    "bundled": true,
                    "dev": true
                }
            }
        },
        "@aws-cdk/core": {
            "version": "1.47.0",
            "resolved": "https://registry.npmjs.org/@aws-cdk/core/-/core-1.47.0.tgz",
            "integrity": "sha512-HgJlGLugaS0TbLMZ5hRmKdxfJk/GCu6LoQT60+3oisbSXTZDo1KCtlQaGYiR+4u/EVG5QIzUUKQpoQEwl/sEVg==",
            "dev": true,
            "requires": {
                "@aws-cdk/cloud-assembly-schema": "1.47.0",
                "@aws-cdk/cx-api": "1.47.0",
                "constructs": "^3.0.2",
                "fs-extra": "^9.0.1",
                "minimatch": "^3.0.4"
            },
            "dependencies": {
                "at-least-node": {
                    "version": "1.0.0",
                    "bundled": true,
                    "dev": true
                },
                "balanced-match": {
                    "version": "1.0.0",
                    "bundled": true,
                    "dev": true
                },
                "brace-expansion": {
                    "version": "1.1.11",
                    "bundled": true,
                    "dev": true,
                    "requires": {
                        "balanced-match": "^1.0.0",
                        "concat-map": "0.0.1"
                    }
                },
                "concat-map": {
                    "version": "0.0.1",
                    "bundled": true,
                    "dev": true
                },
                "fs-extra": {
                    "version": "9.0.1",
                    "bundled": true,
                    "dev": true,
                    "requires": {
                        "at-least-node": "^1.0.0",
                        "graceful-fs": "^4.2.0",
                        "jsonfile": "^6.0.1",
                        "universalify": "^1.0.0"
                    }
                },
                "graceful-fs": {
                    "version": "4.2.4",
                    "bundled": true,
                    "dev": true
                },
                "jsonfile": {
                    "version": "6.0.1",
                    "bundled": true,
                    "dev": true,
                    "requires": {
                        "graceful-fs": "^4.1.6",
                        "universalify": "^1.0.0"
                    }
                },
                "minimatch": {
                    "version": "3.0.4",
                    "bundled": true,
                    "dev": true,
                    "requires": {
                        "brace-expansion": "^1.1.7"
                    }
                },
                "universalify": {
                    "version": "1.0.0",
                    "bundled": true,
                    "dev": true
                }
            }
        },
        "@aws-cdk/custom-resources": {
            "version": "1.47.0",
            "resolved": "https://registry.npmjs.org/@aws-cdk/custom-resources/-/custom-resources-1.47.0.tgz",
            "integrity": "sha512-gNep91ZsIIqEMtvjBQVcfIZ5IbCDTFFExE8sHZlRDdJGoZioCn849iN3v9v8l65joA/047urb9oCTSyn32yscw==",
            "dev": true,
            "requires": {
                "@aws-cdk/aws-cloudformation": "1.47.0",
                "@aws-cdk/aws-iam": "1.47.0",
                "@aws-cdk/aws-lambda": "1.47.0",
                "@aws-cdk/aws-logs": "1.47.0",
                "@aws-cdk/aws-sns": "1.47.0",
                "@aws-cdk/core": "1.47.0",
                "constructs": "^3.0.2"
            }
        },
        "@aws-cdk/cx-api": {
            "version": "1.47.0",
            "resolved": "https://registry.npmjs.org/@aws-cdk/cx-api/-/cx-api-1.47.0.tgz",
            "integrity": "sha512-2VCRaA1LWOa/QoXuPEe+2efs5VsbF9U7mFL5DGUYv5NcOGD9MZY+t3xmrVh4ng7+shyI5XZxviSdAeqPPCgaVQ==",
            "dev": true,
            "requires": {
                "@aws-cdk/cloud-assembly-schema": "1.47.0",
                "semver": "^7.2.2"
            },
            "dependencies": {
                "semver": {
                    "version": "7.3.2",
                    "bundled": true,
                    "dev": true
                }
            }
        },
        "@aws-cdk/region-info": {
            "version": "1.47.0",
            "resolved": "https://registry.npmjs.org/@aws-cdk/region-info/-/region-info-1.47.0.tgz",
            "integrity": "sha512-yfHKzHp7ZfCRzT34O7qskbsT6cymhVKZ0EoeXfBm27/O+5Qd7WH9qSPhRBICL/rwB3wY/s7fe5synRhajOH4Pg==",
            "dev": true
        },
        "@bazel/bazelisk": {
            "version": "1.5.0",
            "resolved": "https://registry.npmjs.org/@bazel/bazelisk/-/bazelisk-1.5.0.tgz",
            "integrity": "sha512-qhOGN1WmfZYNJXGrRL/0byii9hX5FBomMv3WWI2OEL2+Bxm4t/bR3zMxN3xwQX1C8meSSrAfKGSzxVOZfpJsOg==",
            "dev": true
        },
        "@bazel/buildifier": {
            "version": "3.3.0",
            "resolved": "https://registry.npmjs.org/@bazel/buildifier/-/buildifier-3.3.0.tgz",
            "integrity": "sha512-Jaraa7jLW1OQBoWtTe2XDiuZwsg/YbWvCTys6nYXXRtNIkyoN6I/YZS4RlZj3nD7XlTMFk0yQD6+jpRpXhB6ZQ==",
            "dev": true
        },
        "@bazel/ibazel": {
            "version": "0.13.1",
            "resolved": "https://registry.npmjs.org/@bazel/ibazel/-/ibazel-0.13.1.tgz",
            "integrity": "sha512-FO1hBKpzpeBL0adnFYF2Dwl/7gox6ccKM6bb+x26AXrQpLbinXPuTi4zeXRL/MW4383mF6i4RovLCmwUU/YW0w==",
            "dev": true
        },
        "@bazel/typescript": {
            "version": "1.7.0",
            "resolved": "https://registry.npmjs.org/@bazel/typescript/-/typescript-1.7.0.tgz",
            "integrity": "sha512-M6JPXJZ+W6457QZfPHmGg/Mejnp7//YTnffGmnmeK9vDqybXeCCRWW1/iEOwopLJYQViBHfaoulde0VXelx9sA==",
            "dev": true,
            "requires": {
                "protobufjs": "6.8.8",
                "semver": "5.6.0",
                "source-map-support": "0.5.9",
                "tsutils": "2.27.2"
            }
        },
        "@protobufjs/aspromise": {
            "version": "1.1.2",
            "resolved": "https://registry.npmjs.org/@protobufjs/aspromise/-/aspromise-1.1.2.tgz",
            "integrity": "sha1-m4sMxmPWaafY9vXQiToU00jzD78=",
            "dev": true
        },
        "@protobufjs/base64": {
            "version": "1.1.2",
            "resolved": "https://registry.npmjs.org/@protobufjs/base64/-/base64-1.1.2.tgz",
            "integrity": "sha512-AZkcAA5vnN/v4PDqKyMR5lx7hZttPDgClv83E//FMNhR2TMcLUhfRUBHCmSl0oi9zMgDDqRUJkSxO3wm85+XLg==",
            "dev": true
        },
        "@protobufjs/codegen": {
            "version": "2.0.4",
            "resolved": "https://registry.npmjs.org/@protobufjs/codegen/-/codegen-2.0.4.tgz",
            "integrity": "sha512-YyFaikqM5sH0ziFZCN3xDC7zeGaB/d0IUb9CATugHWbd1FRFwWwt4ld4OYMPWu5a3Xe01mGAULCdqhMlPl29Jg==",
            "dev": true
        },
        "@protobufjs/eventemitter": {
            "version": "1.1.0",
            "resolved": "https://registry.npmjs.org/@protobufjs/eventemitter/-/eventemitter-1.1.0.tgz",
            "integrity": "sha1-NVy8mLr61ZePntCV85diHx0Ga3A=",
            "dev": true
        },
        "@protobufjs/fetch": {
            "version": "1.1.0",
            "resolved": "https://registry.npmjs.org/@protobufjs/fetch/-/fetch-1.1.0.tgz",
            "integrity": "sha1-upn7WYYUr2VwDBYZ/wbUVLDYTEU=",
            "dev": true,
            "requires": {
                "@protobufjs/aspromise": "^1.1.1",
                "@protobufjs/inquire": "^1.1.0"
            }
        },
        "@protobufjs/float": {
            "version": "1.0.2",
            "resolved": "https://registry.npmjs.org/@protobufjs/float/-/float-1.0.2.tgz",
            "integrity": "sha1-Xp4avctz/Ap8uLKR33jIy9l7h9E=",
            "dev": true
        },
        "@protobufjs/inquire": {
            "version": "1.1.0",
            "resolved": "https://registry.npmjs.org/@protobufjs/inquire/-/inquire-1.1.0.tgz",
            "integrity": "sha1-/yAOPnzyQp4tyvwRQIKOjMY48Ik=",
            "dev": true
        },
        "@protobufjs/path": {
            "version": "1.1.2",
            "resolved": "https://registry.npmjs.org/@protobufjs/path/-/path-1.1.2.tgz",
            "integrity": "sha1-bMKyDFya1q0NzP0hynZz2Nf79o0=",
            "dev": true
        },
        "@protobufjs/pool": {
            "version": "1.1.0",
            "resolved": "https://registry.npmjs.org/@protobufjs/pool/-/pool-1.1.0.tgz",
            "integrity": "sha1-Cf0V8tbTq/qbZbw2ZQbWrXhG/1Q=",
            "dev": true
        },
        "@protobufjs/utf8": {
            "version": "1.1.0",
            "resolved": "https://registry.npmjs.org/@protobufjs/utf8/-/utf8-1.1.0.tgz",
            "integrity": "sha1-p3c2C1s5oaLlEG+OhY8v0tBgxXA=",
            "dev": true
        },
        "@types/aws-lambda": {
            "version": "8.10.57",
            "resolved": "https://registry.npmjs.org/@types/aws-lambda/-/aws-lambda-8.10.57.tgz",
            "integrity": "sha512-LMOA9bJLerYoe2KvzHugfaLTa0jUPWrqwxq5VUZ/ZuAMKLJm6oNdCio38vw8jWEIAkPR3P6mBIwnU1DPgelAKg==",
            "dev": true
        },
        "@types/long": {
            "version": "4.0.1",
            "resolved": "https://registry.npmjs.org/@types/long/-/long-4.0.1.tgz",
            "integrity": "sha512-5tXH6Bx/kNGd3MgffdmP4dy2Z+G4eaXw0SE81Tq3BNadtnMR5/ySMzX4SLEzHJzSmPNn4HIdpQsBvXMUykr58w==",
            "dev": true
        },
        "@types/node": {
            "version": "10.17.26",
            "resolved": "https://registry.npmjs.org/@types/node/-/node-10.17.26.tgz",
            "integrity": "sha512-myMwkO2Cr82kirHY8uknNRHEVtn0wV3DTQfkrjx17jmkstDRZ24gNUdl8AHXVyVclTYI/bNjgTPTAWvWLqXqkw==",
            "dev": true
        },
        "aws-cdk": {
            "version": "1.174.0",
            "resolved": "https://registry.npmjs.org/aws-cdk/-/aws-cdk-1.174.0.tgz",
            "integrity": "sha512-cAnJ1vx8p0sFoHR5IP4YKd4l3lN7s9Y7+umwb4eNgWr+XSgUbuYiJgS/FD57hIbHN1uoBih3QAE0RA62LVJSFw==",
            "dev": true,
            "requires": {
                "fsevents": "2.3.2"
            }
        },
        "buffer-from": {
            "version": "1.1.1",
            "resolved": "https://registry.npmjs.org/buffer-from/-/buffer-from-1.1.1.tgz",
            "integrity": "sha512-MQcXEUbCKtEo7bhqEs6560Hyd4XaovZlO/k9V3hjVUF/zwW7KBVdSK4gIt/bzwS9MbR5qob+F5jusZsb0YQK2A==",
            "dev": true
        },
        "constructs": {
            "version": "3.0.4",
            "resolved": "https://registry.npmjs.org/constructs/-/constructs-3.0.4.tgz",
            "integrity": "sha512-CDvg7gMjphE3DFX4pzkF6j73NREbR8npPFW8Mx/CLRnMR035+Y1o1HrXIsNSss/dq3ZUnNTU9jKyd3fL9EOlfw==",
            "dev": true
        },
        "fsevents": {
            "version": "2.3.2",
            "resolved": "https://registry.npmjs.org/fsevents/-/fsevents-2.3.2.tgz",
            "integrity": "sha512-xiqMQR4xAeHTuB9uWm+fFRcIOgKBMiOBP+eXiyT7jsgVCq1bkVygt00oASowB7EdtpOHaaPgKt812P9ab+DDKA==",
            "dev": true,
            "optional": true
        },
        "long": {
            "version": "4.0.0",
            "resolved": "https://registry.npmjs.org/long/-/long-4.0.0.tgz",
            "integrity": "sha512-XsP+KhQif4bjX1kbuSiySJFNAehNxgLb6hPRGJ9QsUr8ajHkuXGdrHmFUTUUXhDwVX2R5bY4JNZEwbUiMhV+MA==",
            "dev": true
        },
        "protobufjs": {
            "version": "6.8.8",
            "resolved": "https://registry.npmjs.org/protobufjs/-/protobufjs-6.8.8.tgz",
            "integrity": "sha512-AAmHtD5pXgZfi7GMpllpO3q1Xw1OYldr+dMUlAnffGTAhqkg72WdmSY71uKBF/JuyiKs8psYbtKrhi0ASCD8qw==",
            "dev": true,
            "requires": {
                "@protobufjs/aspromise": "^1.1.2",
                "@protobufjs/base64": "^1.1.2",
                "@protobufjs/codegen": "^2.0.4",
                "@protobufjs/eventemitter": "^1.1.0",
                "@protobufjs/fetch": "^1.1.0",
                "@protobufjs/float": "^1.0.2",
                "@protobufjs/inquire": "^1.1.0",
                "@protobufjs/path": "^1.1.2",
                "@protobufjs/pool": "^1.1.0",
                "@protobufjs/utf8": "^1.1.0",
                "@types/long": "^4.0.0",
                "@types/node": "^10.1.0",
                "long": "^4.0.0"
            }
        },
        "semver": {
            "version": "5.6.0",
            "resolved": "https://registry.npmjs.org/semver/-/semver-5.6.0.tgz",
            "integrity": "sha512-RS9R6R35NYgQn++fkDWaOmqGoj4Ek9gGs+DPxNUZKuwE183xjJroKvyo1IzVFeXvUrvmALy6FWD5xrdJT25gMg==",
            "dev": true
        },
        "source-map": {
            "version": "0.6.1",
            "resolved": "https://registry.npmjs.org/source-map/-/source-map-0.6.1.tgz",
            "integrity": "sha512-UjgapumWlbMhkBgzT7Ykc5YXUT46F0iKu8SGXq0bcwP5dz/h0Plj6enJqjz1Zbq2l5WaqYnrVbwWOWMyF3F47g==",
            "dev": true
        },
        "source-map-support": {
            "version": "0.5.9",
            "resolved": "https://registry.npmjs.org/source-map-support/-/source-map-support-0.5.9.tgz",
            "integrity": "sha512-gR6Rw4MvUlYy83vP0vxoVNzM6t8MUXqNuRsuBmBHQDu1Fh6X015FrLdgoDKcNdkwGubozq0P4N0Q37UyFVr1EA==",
            "dev": true,
            "requires": {
                "buffer-from": "^1.0.0",
                "source-map": "^0.6.0"
            }
        },
        "tslib": {
            "version": "1.13.0",
            "resolved": "https://registry.npmjs.org/tslib/-/tslib-1.13.0.tgz",
            "integrity": "sha512-i/6DQjL8Xf3be4K/E6Wgpekn5Qasl1usyw++dAA35Ue5orEn65VIxOA+YvNNl9HV3qv70T7CNwjODHZrLwvd1Q==",
            "dev": true
        },
        "tsutils": {
            "version": "2.27.2",
            "resolved": "https://registry.npmjs.org/tsutils/-/tsutils-2.27.2.tgz",
            "integrity": "sha512-qf6rmT84TFMuxAKez2pIfR8UCai49iQsfB7YWVjV1bKpy/d0PWT5rEOSM6La9PiHZ0k1RRZQiwVdVJfQ3BPHgg==",
            "dev": true,
            "requires": {
                "tslib": "^1.8.1"
            }
        },
        "typescript": {
            "version": "3.9.5",
            "resolved": "https://registry.npmjs.org/typescript/-/typescript-3.9.5.tgz",
            "integrity": "sha512-hSAifV3k+i6lEoCJ2k6R2Z/rp/H3+8sdmcn5NrS3/3kE7+RyZXm9aqvxWqjEXHAd8b0pShatpcdMTvEdvAJltQ==",
            "dev": true
        }
    }
}
