# THIS IS AN AUTOGENERATED FILE. DO NOT EDIT THIS FILE DIRECTLY.
# yarn lockfile v1


"@aws-cdk/assets@1.47.0":
  version "1.47.0"
  resolved "https://registry.yarnpkg.com/@aws-cdk/assets/-/assets-1.47.0.tgz#5331c590e387b0910cc932210498895abdaa1624"
  integrity sha512-CZOzfiyrsEY5WM37mwDMd6y3hrUo0APoQtZwNu5JTQAHW28oyMreKvRuJ2UdSTtp9J8d5bG/vUZbGvgHwFd1pQ==
  dependencies:
    "@aws-cdk/core" "1.47.0"
    "@aws-cdk/cx-api" "1.47.0"
    constructs "^3.0.2"

"@aws-cdk/aws-apigateway@1.47.0":
  version "1.47.0"
  resolved "https://registry.yarnpkg.com/@aws-cdk/aws-apigateway/-/aws-apigateway-1.47.0.tgz#c0d0d9a944410aef2a4c291290fb15beebe9c8e2"
  integrity sha512-JG07BAp5S+lsfu/tK9bU19ujmZ1enLzbXDhcuJmnfTZ0xgp9rgwVyIXOWZ92KyPR4NHQ6H4qTdLhHuOx0+dt/A==
  dependencies:
    "@aws-cdk/assets" "1.47.0"
    "@aws-cdk/aws-certificatemanager" "1.47.0"
    "@aws-cdk/aws-ec2" "1.47.0"
    "@aws-cdk/aws-elasticloadbalancingv2" "1.47.0"
    "@aws-cdk/aws-iam" "1.47.0"
    "@aws-cdk/aws-lambda" "1.47.0"
    "@aws-cdk/aws-logs" "1.47.0"
    "@aws-cdk/aws-s3" "1.47.0"
    "@aws-cdk/aws-s3-assets" "1.47.0"
    "@aws-cdk/core" "1.47.0"
    "@aws-cdk/cx-api" "1.47.0"
    constructs "^3.0.2"

"@aws-cdk/aws-apigatewayv2@1.47.0":
  version "1.47.0"
  resolved "https://registry.yarnpkg.com/@aws-cdk/aws-apigatewayv2/-/aws-apigatewayv2-1.47.0.tgz#f98d89af4a9a77030d3ac109743c7805f5485d44"
  integrity sha512-HzLmaAEXYDahxJAoXJTGr5st0sBK0072E4J7sMRSveYxi/paX45Nxva8Qy1fVbo0KZGxRP6g6GztpkwnQgYbmg==
  dependencies:
    "@aws-cdk/aws-iam" "1.47.0"
    "@aws-cdk/aws-lambda" "1.47.0"
    "@aws-cdk/core" "1.47.0"
    constructs "^3.0.2"

"@aws-cdk/aws-applicationautoscaling@1.47.0":
  version "1.47.0"
  resolved "https://registry.yarnpkg.com/@aws-cdk/aws-applicationautoscaling/-/aws-applicationautoscaling-1.47.0.tgz#35056facdd1f1233f908d2951e489f70bed3e568"
  integrity sha512-cYl0o8IHqlrEjH1G1UOR1Y2Ft3KwdQymB8mbClsR5y6ciGIJRxP5REDx2ZrHJElHT1WCFs50M5X2lgnIWUikrg==
  dependencies:
    "@aws-cdk/aws-autoscaling-common" "1.47.0"
    "@aws-cdk/aws-cloudwatch" "1.47.0"
    "@aws-cdk/aws-iam" "1.47.0"
    "@aws-cdk/core" "1.47.0"
    constructs "^3.0.2"

"@aws-cdk/aws-autoscaling-common@1.47.0":
  version "1.47.0"
  resolved "https://registry.yarnpkg.com/@aws-cdk/aws-autoscaling-common/-/aws-autoscaling-common-1.47.0.tgz#2f4c5be47a0181b9938ff4778e20b4a22825a7ff"
  integrity sha512-BbP49pu9lZA4ICAYdAbGkeORYieUHPrLWB+p4uhv1oG6nMj0CsYn9WugumMrNZrjvqee6hAHL/UZWHMN7bapbA==
  dependencies:
    "@aws-cdk/aws-iam" "1.47.0"
    "@aws-cdk/core" "1.47.0"
    constructs "^3.0.2"

"@aws-cdk/aws-certificatemanager@1.47.0":
  version "1.47.0"
  resolved "https://registry.yarnpkg.com/@aws-cdk/aws-certificatemanager/-/aws-certificatemanager-1.47.0.tgz#31ea91566f47f2310ac432cc1bcb7668a1dda4ba"
  integrity sha512-j6NTqX67A06zo6wovEvO4CgKgrdhE9fQ3Rp6vhi2WXq4egtq5OU4Pwngmdc4QkxQ5lR5iVr0dOwOGE6ujmML+A==
  dependencies:
    "@aws-cdk/aws-iam" "1.47.0"
    "@aws-cdk/aws-lambda" "1.47.0"
    "@aws-cdk/aws-route53" "1.47.0"
    "@aws-cdk/core" "1.47.0"
    constructs "^3.0.2"

"@aws-cdk/aws-cloudformation@1.47.0":
  version "1.47.0"
  resolved "https://registry.yarnpkg.com/@aws-cdk/aws-cloudformation/-/aws-cloudformation-1.47.0.tgz#e771a41e8b7f4bd93f6a2abc9e3262e00b7c51d3"
  integrity sha512-PPmvLPjQPRJN2SySrlJCTjXdV1C5ki26C3YZMF3ICz58cgQgjwGzX/oUN8QeNS9909HeGDB7QwRUz7GrgObhVw==
  dependencies:
    "@aws-cdk/aws-iam" "1.47.0"
    "@aws-cdk/aws-lambda" "1.47.0"
    "@aws-cdk/aws-s3" "1.47.0"
    "@aws-cdk/aws-sns" "1.47.0"
    "@aws-cdk/core" "1.47.0"
    "@aws-cdk/cx-api" "1.47.0"
    constructs "^3.0.2"

"@aws-cdk/aws-cloudfront@1.47.0":
  version "1.47.0"
  resolved "https://registry.yarnpkg.com/@aws-cdk/aws-cloudfront/-/aws-cloudfront-1.47.0.tgz#01fb83a0796bc15f0b088364aacc671f6c7d8809"
  integrity sha512-POCZ8dV7h+tbkWzFrmMMBhYD9LjKctQo2mL+kZJJf26Jemvjw3S2kswyZLjA8nC3C44wJJDL7LM7sorw7BlJiw==
  dependencies:
    "@aws-cdk/aws-certificatemanager" "1.47.0"
    "@aws-cdk/aws-iam" "1.47.0"
    "@aws-cdk/aws-kms" "1.47.0"
    "@aws-cdk/aws-lambda" "1.47.0"
    "@aws-cdk/aws-s3" "1.47.0"
    "@aws-cdk/core" "1.47.0"
    constructs "^3.0.2"

"@aws-cdk/aws-cloudwatch@1.47.0":
  version "1.47.0"
  resolved "https://registry.yarnpkg.com/@aws-cdk/aws-cloudwatch/-/aws-cloudwatch-1.47.0.tgz#9802cb31424a3da670f8310b690f262edf3c7bb5"
  integrity sha512-1hEI7E7x9rOFnd3DocA/QL7QKNaLfhRV8jtrY/+pCEdS3gGBInLzfbkzibK/bpzwi/Ikv1fihx+j7G/Q944v9g==
  dependencies:
    "@aws-cdk/aws-iam" "1.47.0"
    "@aws-cdk/core" "1.47.0"
    constructs "^3.0.2"

"@aws-cdk/aws-dynamodb@1.47.0":
  version "1.47.0"
  resolved "https://registry.yarnpkg.com/@aws-cdk/aws-dynamodb/-/aws-dynamodb-1.47.0.tgz#ce67de42fba552faa79e263db1ef32115676051b"
  integrity sha512-dKk3ZujtOPahUq6hynN7dj4L7XbShhuIuqcsKKz9D1B8uZS/PryCvuVN98r+tp5BZ3P4ikchMdyjC0LFp4qqGg==
  dependencies:
    "@aws-cdk/aws-applicationautoscaling" "1.47.0"
    "@aws-cdk/aws-cloudwatch" "1.47.0"
    "@aws-cdk/aws-iam" "1.47.0"
    "@aws-cdk/aws-kms" "1.47.0"
    "@aws-cdk/aws-lambda" "1.47.0"
    "@aws-cdk/core" "1.47.0"
    "@aws-cdk/custom-resources" "1.47.0"
    constructs "^3.0.2"

"@aws-cdk/aws-ec2@1.47.0":
  version "1.47.0"
  resolved "https://registry.yarnpkg.com/@aws-cdk/aws-ec2/-/aws-ec2-1.47.0.tgz#5ecb02692a2cd6c5154b435ca98833ed8b468ba0"
  integrity sha512-GH81MFJhSPu/ghCRjZf7tj+o4lc/TjHwPZMmB4V1bDRaHInESeFF+2H5YJz1J+d4zn9Gl5aSxtUFWdSFPaB5Jw==
  dependencies:
    "@aws-cdk/aws-cloudwatch" "1.47.0"
    "@aws-cdk/aws-iam" "1.47.0"
    "@aws-cdk/aws-logs" "1.47.0"
    "@aws-cdk/aws-s3" "1.47.0"
    "@aws-cdk/aws-ssm" "1.47.0"
    "@aws-cdk/cloud-assembly-schema" "1.47.0"
    "@aws-cdk/core" "1.47.0"
    "@aws-cdk/cx-api" "1.47.0"
    "@aws-cdk/region-info" "1.47.0"
    constructs "^3.0.2"

"@aws-cdk/aws-elasticloadbalancingv2@1.47.0":
  version "1.47.0"
  resolved "https://registry.yarnpkg.com/@aws-cdk/aws-elasticloadbalancingv2/-/aws-elasticloadbalancingv2-1.47.0.tgz#073473d7bb83ef85deeb7e26de17b75deea91e6b"
  integrity sha512-YRUQI5lIMZpB0gXkNZHqOGQ9CxeyegYkNPwR3UmoMJhsbAMcBULOGKaN3VjlIx1CkJDFiF7aNi7eIgbvGybQbw==
  dependencies:
    "@aws-cdk/aws-certificatemanager" "1.47.0"
    "@aws-cdk/aws-cloudwatch" "1.47.0"
    "@aws-cdk/aws-ec2" "1.47.0"
    "@aws-cdk/aws-iam" "1.47.0"
    "@aws-cdk/aws-lambda" "1.47.0"
    "@aws-cdk/aws-s3" "1.47.0"
    "@aws-cdk/core" "1.47.0"
    constructs "^3.0.2"

"@aws-cdk/aws-events@1.47.0":
  version "1.47.0"
  resolved "https://registry.yarnpkg.com/@aws-cdk/aws-events/-/aws-events-1.47.0.tgz#e7170413588aeb3e08ab7a223b1e3f9ca24dd759"
  integrity sha512-Okw4FTF1UVewOlXUnA0MOT+Ug3eQ2dntjBTig0s7XpB2JwWEHdCVVkeybgze+3vV9htoxsGQghiMm2o4efs56A==
  dependencies:
    "@aws-cdk/aws-iam" "1.47.0"
    "@aws-cdk/core" "1.47.0"
    constructs "^3.0.2"

"@aws-cdk/aws-iam@1.47.0":
  version "1.47.0"
  resolved "https://registry.yarnpkg.com/@aws-cdk/aws-iam/-/aws-iam-1.47.0.tgz#500c6c662b395100cc3625a1886a1209cbd82f91"
  integrity sha512-gqs9Z63qCo3PuR3ORAS8ZahDPLBNFXJypfKEUJ4FNDXH0Co/bmICtnFawQa9N9Cqhrdd935x2r9FH02M26/WnA==
  dependencies:
    "@aws-cdk/core" "1.47.0"
    "@aws-cdk/region-info" "1.47.0"
    constructs "^3.0.2"

"@aws-cdk/aws-kinesis@1.47.0":
  version "1.47.0"
  resolved "https://registry.yarnpkg.com/@aws-cdk/aws-kinesis/-/aws-kinesis-1.47.0.tgz#79b8917b3b92a5de571a17096a4a4f5680097161"
  integrity sha512-h4zX2/EaU6JbklUCRryFi6j2h9kwXErvm9tP2l52QP5CMXpumiZowTV9bZXElIPT60Bow783DnLSb8pt8Oi94Q==
  dependencies:
    "@aws-cdk/aws-iam" "1.47.0"
    "@aws-cdk/aws-kms" "1.47.0"
    "@aws-cdk/aws-logs" "1.47.0"
    "@aws-cdk/core" "1.47.0"
    constructs "^3.0.2"

"@aws-cdk/aws-kms@1.47.0":
  version "1.47.0"
  resolved "https://registry.yarnpkg.com/@aws-cdk/aws-kms/-/aws-kms-1.47.0.tgz#a7b50c2881548afd1cb6bfee82b389f2860e16a7"
  integrity sha512-+g5NZHI6zLADftfo9SDIAWphHc88CSm7RYTTZ6b7eVOGZK5kYxYHPdU/YXaTIi74h3d8KTyC5dXVpXb1B5sIOw==
  dependencies:
    "@aws-cdk/aws-iam" "1.47.0"
    "@aws-cdk/core" "1.47.0"
    constructs "^3.0.2"

"@aws-cdk/aws-lambda-event-sources@1.47.0":
  version "1.47.0"
  resolved "https://registry.yarnpkg.com/@aws-cdk/aws-lambda-event-sources/-/aws-lambda-event-sources-1.47.0.tgz#b0beb7ad4e5062b41788ba10da454043c3fc60ab"
  integrity sha512-FmabZOyDAT/wYWa8TRV1zU9VhkPOmxFKAEIp04wtdQT1GwZbvaRaMN3jKvdKRQXAzc5N/3Fe7LJUZqwSZhS0nA==
  dependencies:
    "@aws-cdk/aws-apigateway" "1.47.0"
    "@aws-cdk/aws-dynamodb" "1.47.0"
    "@aws-cdk/aws-events" "1.47.0"
    "@aws-cdk/aws-iam" "1.47.0"
    "@aws-cdk/aws-kinesis" "1.47.0"
    "@aws-cdk/aws-lambda" "1.47.0"
    "@aws-cdk/aws-s3" "1.47.0"
    "@aws-cdk/aws-s3-notifications" "1.47.0"
    "@aws-cdk/aws-sns" "1.47.0"
    "@aws-cdk/aws-sns-subscriptions" "1.47.0"
    "@aws-cdk/aws-sqs" "1.47.0"
    "@aws-cdk/core" "1.47.0"
    constructs "^3.0.2"

"@aws-cdk/aws-lambda@1.47.0":
  version "1.47.0"
  resolved "https://registry.yarnpkg.com/@aws-cdk/aws-lambda/-/aws-lambda-1.47.0.tgz#73504b9e2317e0f100f2bf218e0d94043ae794c6"
  integrity sha512-r/nt9S7KeEX7Ak6mKAXE1r/AEQIIBHP2NS6MOmph7nkW1CWZgvJK0fxdKrMDFgp6VFV/9+x0upXEYysOXjsfkQ==
  dependencies:
    "@aws-cdk/aws-cloudwatch" "1.47.0"
    "@aws-cdk/aws-ec2" "1.47.0"
    "@aws-cdk/aws-events" "1.47.0"
    "@aws-cdk/aws-iam" "1.47.0"
    "@aws-cdk/aws-logs" "1.47.0"
    "@aws-cdk/aws-s3" "1.47.0"
    "@aws-cdk/aws-s3-assets" "1.47.0"
    "@aws-cdk/aws-sqs" "1.47.0"
    "@aws-cdk/core" "1.47.0"
    "@aws-cdk/cx-api" "1.47.0"
    constructs "^3.0.2"

"@aws-cdk/aws-logs@1.47.0":
  version "1.47.0"
  resolved "https://registry.yarnpkg.com/@aws-cdk/aws-logs/-/aws-logs-1.47.0.tgz#c99142645e0405e6c3f07e76ce8a3db3583b8e61"
  integrity sha512-Ni8Pxn005SUgZrxkK3U7MT7y+taET68Ks9rE7EQHYxhoncgA3pxI+eT+4IzCwRVdD2/K2io090UbZd0fZP9OIw==
  dependencies:
    "@aws-cdk/aws-cloudwatch" "1.47.0"
    "@aws-cdk/aws-iam" "1.47.0"
    "@aws-cdk/core" "1.47.0"
    constructs "^3.0.2"

"@aws-cdk/aws-route53@1.47.0":
  version "1.47.0"
  resolved "https://registry.yarnpkg.com/@aws-cdk/aws-route53/-/aws-route53-1.47.0.tgz#9c7cdbea9498caf11d4c8a37613b263ab5c27a75"
  integrity sha512-sHrP/3R/yydKrYzNYfXsATMjBjmE3F0MM0qVnPpEcbPJWuz2ZkXrS2bujkyovJP/N0Sp+BiLz6La2mwii+9tyA==
  dependencies:
    "@aws-cdk/aws-ec2" "1.47.0"
    "@aws-cdk/aws-logs" "1.47.0"
    "@aws-cdk/cloud-assembly-schema" "1.47.0"
    "@aws-cdk/core" "1.47.0"
    constructs "^3.0.2"

"@aws-cdk/aws-s3-assets@1.47.0":
  version "1.47.0"
  resolved "https://registry.yarnpkg.com/@aws-cdk/aws-s3-assets/-/aws-s3-assets-1.47.0.tgz#68c7833ee86e0335bede4875f84d88c6db348223"
  integrity sha512-BcHGk5RmblEjmvXQ1fyPeLC58nSdpjuubQvvI1sJ7LSxOx7evZB5dZrDZH+7m+N+KszlWsIHYVUXpKBuEAT5bQ==
  dependencies:
    "@aws-cdk/assets" "1.47.0"
    "@aws-cdk/aws-iam" "1.47.0"
    "@aws-cdk/aws-kms" "1.47.0"
    "@aws-cdk/aws-s3" "1.47.0"
    "@aws-cdk/core" "1.47.0"
    "@aws-cdk/cx-api" "1.47.0"
    constructs "^3.0.2"

"@aws-cdk/aws-s3-deployment@1.47.0":
  version "1.47.0"
  resolved "https://registry.yarnpkg.com/@aws-cdk/aws-s3-deployment/-/aws-s3-deployment-1.47.0.tgz#a696c0ae1c33f5c9fa1cca79eb9b110822c5c433"
  integrity sha512-0dgIrSvZZuhSy1dOFI7zt2sorNsOsuT3/IQkwDD0E+mYhPOj75i8mGc4MF5y/bMUAcLe3Glu2sSrcRUUIJZhKQ==
  dependencies:
    "@aws-cdk/aws-cloudfront" "1.47.0"
    "@aws-cdk/aws-iam" "1.47.0"
    "@aws-cdk/aws-lambda" "1.47.0"
    "@aws-cdk/aws-s3" "1.47.0"
    "@aws-cdk/aws-s3-assets" "1.47.0"
    "@aws-cdk/core" "1.47.0"
    constructs "^3.0.2"

"@aws-cdk/aws-s3-notifications@1.47.0":
  version "1.47.0"
  resolved "https://registry.yarnpkg.com/@aws-cdk/aws-s3-notifications/-/aws-s3-notifications-1.47.0.tgz#7eff3532dbf00125b7bd2614d0f2f87499d91b00"
  integrity sha512-fFsHnJW+AiL9bGQ6+V0cJt2r73Zf7hAnbCy7pdxQewaOmN9ysIQy0w1ShjRAUV+pav5I9lN6gi8c5WONUCNK8g==
  dependencies:
    "@aws-cdk/aws-iam" "1.47.0"
    "@aws-cdk/aws-lambda" "1.47.0"
    "@aws-cdk/aws-s3" "1.47.0"
    "@aws-cdk/aws-sns" "1.47.0"
    "@aws-cdk/aws-sqs" "1.47.0"
    "@aws-cdk/core" "1.47.0"
    constructs "^3.0.2"

"@aws-cdk/aws-s3@1.47.0":
  version "1.47.0"
  resolved "https://registry.yarnpkg.com/@aws-cdk/aws-s3/-/aws-s3-1.47.0.tgz#c5ba77875e90e1d617587d5b55bb23e507bb0a48"
  integrity sha512-HwH5cBYLaRKHeYix1HKlbXCC11ZYsm8IKgQaR/1qW2SBIivMEquFIJY3Y2bPiIt3cDt03gVWxvhPdk6/3Aw/nQ==
  dependencies:
    "@aws-cdk/aws-events" "1.47.0"
    "@aws-cdk/aws-iam" "1.47.0"
    "@aws-cdk/aws-kms" "1.47.0"
    "@aws-cdk/core" "1.47.0"
    constructs "^3.0.2"

"@aws-cdk/aws-sns-subscriptions@1.47.0":
  version "1.47.0"
  resolved "https://registry.yarnpkg.com/@aws-cdk/aws-sns-subscriptions/-/aws-sns-subscriptions-1.47.0.tgz#6b1b8f487a54174c3172d40739abdab0ada2dc1e"
  integrity sha512-mInBEEooehSj13+pzphefniMKTMY9hqY0l4loM7Bir8EZQRahK2jyGNXioeMGR120wQQHVljQWxOVXepL0oLog==
  dependencies:
    "@aws-cdk/aws-iam" "1.47.0"
    "@aws-cdk/aws-lambda" "1.47.0"
    "@aws-cdk/aws-sns" "1.47.0"
    "@aws-cdk/aws-sqs" "1.47.0"
    "@aws-cdk/core" "1.47.0"
    constructs "^3.0.2"

"@aws-cdk/aws-sns@1.47.0":
  version "1.47.0"
  resolved "https://registry.yarnpkg.com/@aws-cdk/aws-sns/-/aws-sns-1.47.0.tgz#ae9759dde92d3d4f002599e96e02efe3f0241d85"
  integrity sha512-L6dk87X80cN9laxUVH7pzWRHde1M5maOpR8iUNJtTB5UtltDnw+B/5PLm/SI6IT1m8vT2dwntPIc+h6Q3IVbsQ==
  dependencies:
    "@aws-cdk/aws-cloudwatch" "1.47.0"
    "@aws-cdk/aws-events" "1.47.0"
    "@aws-cdk/aws-iam" "1.47.0"
    "@aws-cdk/aws-kms" "1.47.0"
    "@aws-cdk/aws-sqs" "1.47.0"
    "@aws-cdk/core" "1.47.0"
    constructs "^3.0.2"

"@aws-cdk/aws-sqs@1.47.0":
  version "1.47.0"
  resolved "https://registry.yarnpkg.com/@aws-cdk/aws-sqs/-/aws-sqs-1.47.0.tgz#25fcc83404b08890baf86b1bc951572220165aed"
  integrity sha512-1JknoY/DRh/PP+mPcD7q4M/mD8GFVlTtmpWaiB6FUbs/Mfi6PbJGEBT3BDXic2t9U+twfP6ZF2Fxf6aLuTREFA==
  dependencies:
    "@aws-cdk/aws-cloudwatch" "1.47.0"
    "@aws-cdk/aws-iam" "1.47.0"
    "@aws-cdk/aws-kms" "1.47.0"
    "@aws-cdk/core" "1.47.0"
    constructs "^3.0.2"

"@aws-cdk/aws-ssm@1.47.0":
  version "1.47.0"
  resolved "https://registry.yarnpkg.com/@aws-cdk/aws-ssm/-/aws-ssm-1.47.0.tgz#1f0fbc25220309b20f6d1d516c9117f0aa573a41"
  integrity sha512-uA010mSU/2GZOUyarqfIQxW+7nxsQzXjOYpBJoOhFW9kk9cPkfBIPudIxcP/yXWofC5FwcEsg44aEzVljDuq1w==
  dependencies:
    "@aws-cdk/aws-iam" "1.47.0"
    "@aws-cdk/aws-kms" "1.47.0"
    "@aws-cdk/cloud-assembly-schema" "1.47.0"
    "@aws-cdk/core" "1.47.0"
    constructs "^3.0.2"

"@aws-cdk/cloud-assembly-schema@1.47.0":
  version "1.47.0"
  resolved "https://registry.yarnpkg.com/@aws-cdk/cloud-assembly-schema/-/cloud-assembly-schema-1.47.0.tgz#cecf0b39574599d1dabe5c3e6ae49f436ab9ee94"
  integrity sha512-tlTCInqxS8eyztSraZxVdT+VnNX2EUNPifFNH5EOFUBCXo/18Ae/TgDl2XoioEurUha4Zvyepy7KscXMuGQY9Q==
  dependencies:
    jsonschema "^1.2.5"
    semver "^7.2.2"

"@aws-cdk/core@1.47.0":
  version "1.47.0"
  resolved "https://registry.yarnpkg.com/@aws-cdk/core/-/core-1.47.0.tgz#4170c4305d6978a9daf424fca7d48d3d5ae0ad3d"
  integrity sha512-HgJlGLugaS0TbLMZ5hRmKdxfJk/GCu6LoQT60+3oisbSXTZDo1KCtlQaGYiR+4u/EVG5QIzUUKQpoQEwl/sEVg==
  dependencies:
    "@aws-cdk/cloud-assembly-schema" "1.47.0"
    "@aws-cdk/cx-api" "1.47.0"
    constructs "^3.0.2"
    fs-extra "^9.0.1"
    minimatch "^3.0.4"

"@aws-cdk/custom-resources@1.47.0":
  version "1.47.0"
  resolved "https://registry.yarnpkg.com/@aws-cdk/custom-resources/-/custom-resources-1.47.0.tgz#84030e41f47b8d51b36331aa5ffcdb157bf61def"
  integrity sha512-gNep91ZsIIqEMtvjBQVcfIZ5IbCDTFFExE8sHZlRDdJGoZioCn849iN3v9v8l65joA/047urb9oCTSyn32yscw==
  dependencies:
    "@aws-cdk/aws-cloudformation" "1.47.0"
    "@aws-cdk/aws-iam" "1.47.0"
    "@aws-cdk/aws-lambda" "1.47.0"
    "@aws-cdk/aws-logs" "1.47.0"
    "@aws-cdk/aws-sns" "1.47.0"
    "@aws-cdk/core" "1.47.0"
    constructs "^3.0.2"

"@aws-cdk/cx-api@1.47.0":
  version "1.47.0"
  resolved "https://registry.yarnpkg.com/@aws-cdk/cx-api/-/cx-api-1.47.0.tgz#b10d4909382da81ccf2161873c99e94899662ef6"
  integrity sha512-2VCRaA1LWOa/QoXuPEe+2efs5VsbF9U7mFL5DGUYv5NcOGD9MZY+t3xmrVh4ng7+shyI5XZxviSdAeqPPCgaVQ==
  dependencies:
    "@aws-cdk/cloud-assembly-schema" "1.47.0"
    semver "^7.2.2"

"@aws-cdk/region-info@1.47.0":
  version "1.47.0"
  resolved "https://registry.yarnpkg.com/@aws-cdk/region-info/-/region-info-1.47.0.tgz#9cc5bb6b7b2f05c2de7173bc569c871323668fde"
  integrity sha512-yfHKzHp7ZfCRzT34O7qskbsT6cymhVKZ0EoeXfBm27/O+5Qd7WH9qSPhRBICL/rwB3wY/s7fe5synRhajOH4Pg==

"@bazel/bazelisk@latest":
  version "1.5.0"
  resolved "https://registry.yarnpkg.com/@bazel/bazelisk/-/bazelisk-1.5.0.tgz#61f583ed93be138b47be7180403938ea4057f54b"
  integrity sha512-qhOGN1WmfZYNJXGrRL/0byii9hX5FBomMv3WWI2OEL2+Bxm4t/bR3zMxN3xwQX1C8meSSrAfKGSzxVOZfpJsOg==

"@bazel/buildifier@latest":
  version "3.3.0"
  resolved "https://registry.yarnpkg.com/@bazel/buildifier/-/buildifier-3.3.0.tgz#9c78a5efcea4a38abffdfb18eb8cf9a27babee66"
  integrity sha512-Jaraa7jLW1OQBoWtTe2XDiuZwsg/YbWvCTys6nYXXRtNIkyoN6I/YZS4RlZj3nD7XlTMFk0yQD6+jpRpXhB6ZQ==

"@bazel/ibazel@latest":
  version "0.13.1"
  resolved "https://registry.yarnpkg.com/@bazel/ibazel/-/ibazel-0.13.1.tgz#23788f67a6fbe83d96f2d055691df4917c10ac8d"
  integrity sha512-FO1hBKpzpeBL0adnFYF2Dwl/7gox6ccKM6bb+x26AXrQpLbinXPuTi4zeXRL/MW4383mF6i4RovLCmwUU/YW0w==

"@bazel/typescript@^1.7.0":
  version "1.7.0"
  resolved "https://registry.yarnpkg.com/@bazel/typescript/-/typescript-1.7.0.tgz#8dc02b8a161f4fff3285186066b5f73666793452"
  integrity sha512-M6JPXJZ+W6457QZfPHmGg/Mejnp7//YTnffGmnmeK9vDqybXeCCRWW1/iEOwopLJYQViBHfaoulde0VXelx9sA==
  dependencies:
    protobufjs "6.8.8"
    semver "5.6.0"
    source-map-support "0.5.9"
    tsutils "2.27.2"

"@protobufjs/aspromise@^1.1.1", "@protobufjs/aspromise@^1.1.2":
  version "1.1.2"
  resolved "https://registry.yarnpkg.com/@protobufjs/aspromise/-/aspromise-1.1.2.tgz#9b8b0cc663d669a7d8f6f5d0893a14d348f30fbf"
  integrity sha1-m4sMxmPWaafY9vXQiToU00jzD78=

"@protobufjs/base64@^1.1.2":
  version "1.1.2"
  resolved "https://registry.yarnpkg.com/@protobufjs/base64/-/base64-1.1.2.tgz#4c85730e59b9a1f1f349047dbf24296034bb2735"
  integrity sha512-AZkcAA5vnN/v4PDqKyMR5lx7hZttPDgClv83E//FMNhR2TMcLUhfRUBHCmSl0oi9zMgDDqRUJkSxO3wm85+XLg==

"@protobufjs/codegen@^2.0.4":
  version "2.0.4"
  resolved "https://registry.yarnpkg.com/@protobufjs/codegen/-/codegen-2.0.4.tgz#7ef37f0d010fb028ad1ad59722e506d9262815cb"
  integrity sha512-YyFaikqM5sH0ziFZCN3xDC7zeGaB/d0IUb9CATugHWbd1FRFwWwt4ld4OYMPWu5a3Xe01mGAULCdqhMlPl29Jg==

"@protobufjs/eventemitter@^1.1.0":
  version "1.1.0"
  resolved "https://registry.yarnpkg.com/@protobufjs/eventemitter/-/eventemitter-1.1.0.tgz#355cbc98bafad5978f9ed095f397621f1d066b70"
  integrity sha1-NVy8mLr61ZePntCV85diHx0Ga3A=

"@protobufjs/fetch@^1.1.0":
  version "1.1.0"
  resolved "https://registry.yarnpkg.com/@protobufjs/fetch/-/fetch-1.1.0.tgz#ba99fb598614af65700c1619ff06d454b0d84c45"
  integrity sha1-upn7WYYUr2VwDBYZ/wbUVLDYTEU=
  dependencies:
    "@protobufjs/aspromise" "^1.1.1"
    "@protobufjs/inquire" "^1.1.0"

"@protobufjs/float@^1.0.2":
  version "1.0.2"
  resolved "https://registry.yarnpkg.com/@protobufjs/float/-/float-1.0.2.tgz#5e9e1abdcb73fc0a7cb8b291df78c8cbd97b87d1"
  integrity sha1-Xp4avctz/Ap8uLKR33jIy9l7h9E=

"@protobufjs/inquire@^1.1.0":
  version "1.1.0"
  resolved "https://registry.yarnpkg.com/@protobufjs/inquire/-/inquire-1.1.0.tgz#ff200e3e7cf2429e2dcafc1140828e8cc638f089"
  integrity sha1-/yAOPnzyQp4tyvwRQIKOjMY48Ik=

"@protobufjs/path@^1.1.2":
  version "1.1.2"
  resolved "https://registry.yarnpkg.com/@protobufjs/path/-/path-1.1.2.tgz#6cc2b20c5c9ad6ad0dccfd21ca7673d8d7fbf68d"
  integrity sha1-bMKyDFya1q0NzP0hynZz2Nf79o0=

"@protobufjs/pool@^1.1.0":
  version "1.1.0"
  resolved "https://registry.yarnpkg.com/@protobufjs/pool/-/pool-1.1.0.tgz#09fd15f2d6d3abfa9b65bc366506d6ad7846ff54"
  integrity sha1-Cf0V8tbTq/qbZbw2ZQbWrXhG/1Q=

"@protobufjs/utf8@^1.1.0":
  version "1.1.0"
  resolved "https://registry.yarnpkg.com/@protobufjs/utf8/-/utf8-1.1.0.tgz#a777360b5b39a1a2e5106f8e858f2fd2d060c570"
  integrity sha1-p3c2C1s5oaLlEG+OhY8v0tBgxXA=

"@types/aws-lambda@^8.10.56":
  version "8.10.57"
  resolved "https://registry.yarnpkg.com/@types/aws-lambda/-/aws-lambda-8.10.57.tgz#39ca3bbe52c5b4e27dc83c2a3b5ed434834568b9"
  integrity sha512-LMOA9bJLerYoe2KvzHugfaLTa0jUPWrqwxq5VUZ/ZuAMKLJm6oNdCio38vw8jWEIAkPR3P6mBIwnU1DPgelAKg==

"@types/long@^4.0.0":
  version "4.0.1"
  resolved "https://registry.yarnpkg.com/@types/long/-/long-4.0.1.tgz#459c65fa1867dafe6a8f322c4c51695663cc55e9"
  integrity sha512-5tXH6Bx/kNGd3MgffdmP4dy2Z+G4eaXw0SE81Tq3BNadtnMR5/ySMzX4SLEzHJzSmPNn4HIdpQsBvXMUykr58w==

"@types/node@^10.1.0":
  version "10.17.26"
  resolved "https://registry.yarnpkg.com/@types/node/-/node-10.17.26.tgz#a8a119960bff16b823be4c617da028570779bcfd"
  integrity sha512-myMwkO2Cr82kirHY8uknNRHEVtn0wV3DTQfkrjx17jmkstDRZ24gNUdl8AHXVyVclTYI/bNjgTPTAWvWLqXqkw==

at-least-node@^1.0.0:
  version "1.0.0"
  resolved "https://registry.yarnpkg.com/at-least-node/-/at-least-node-1.0.0.tgz#602cd4b46e844ad4effc92a8011a3c46e0238dc2"
  integrity sha512-+q/t7Ekv1EDY2l6Gda6LLiX14rU9TV20Wa3ofeQmwPFZbOMo9DXrLbOjFaaclkXKWidIaopwAObQDqwWtGUjqg==

aws-cdk@1.174.0:
  version "1.174.0"
  resolved "https://registry.yarnpkg.com/aws-cdk/-/aws-cdk-1.174.0.tgz#86986b5097a233ded453159b533b6c19c3537689"
  integrity sha512-cAnJ1vx8p0sFoHR5IP4YKd4l3lN7s9Y7+umwb4eNgWr+XSgUbuYiJgS/FD57hIbHN1uoBih3QAE0RA62LVJSFw==
  optionalDependencies:
    fsevents "2.3.2"

balanced-match@^1.0.0:
  version "1.0.0"
  resolved "https://registry.yarnpkg.com/balanced-match/-/balanced-match-1.0.0.tgz#89b4d199ab2bee49de164ea02b89ce462d71b767"
  integrity sha1-ibTRmasr7kneFk6gK4nORi1xt2c=

brace-expansion@^1.1.7:
  version "1.1.11"
  resolved "https://registry.yarnpkg.com/brace-expansion/-/brace-expansion-1.1.11.tgz#3c7fcbf529d87226f3d2f52b966ff5271eb441dd"
  integrity sha512-iCuPHDFgrHX7H2vEI/5xpz07zSHB00TpugqhmYtVmMO6518mCuRMoOYFldEBl0g187ufozdaHgWKcYFb61qGiA==
  dependencies:
    balanced-match "^1.0.0"
    concat-map "0.0.1"

buffer-from@^1.0.0:
  version "1.1.1"
  resolved "https://registry.yarnpkg.com/buffer-from/-/buffer-from-1.1.1.tgz#32713bc028f75c02fdb710d7c7bcec1f2c6070ef"
  integrity sha512-MQcXEUbCKtEo7bhqEs6560Hyd4XaovZlO/k9V3hjVUF/zwW7KBVdSK4gIt/bzwS9MbR5qob+F5jusZsb0YQK2A==

concat-map@0.0.1:
  version "0.0.1"
  resolved "https://registry.yarnpkg.com/concat-map/-/concat-map-0.0.1.tgz#d8a96bd77fd68df7793a73036a3ba0d5405d477b"
  integrity sha1-2Klr13/Wjfd5OnMDajug1UBdR3s=

constructs@^3.0.2:
  version "3.0.4"
  resolved "https://registry.yarnpkg.com/constructs/-/constructs-3.0.4.tgz#eb1ed5b80f6600b8d50de83971357ae0fe8e29a2"
  integrity sha512-CDvg7gMjphE3DFX4pzkF6j73NREbR8npPFW8Mx/CLRnMR035+Y1o1HrXIsNSss/dq3ZUnNTU9jKyd3fL9EOlfw==

fs-extra@^9.0.1:
  version "9.0.1"
  resolved "https://registry.yarnpkg.com/fs-extra/-/fs-extra-9.0.1.tgz#910da0062437ba4c39fedd863f1675ccfefcb9fc"
  integrity sha512-h2iAoN838FqAFJY2/qVpzFXy+EBxfVE220PalAqQLDVsFOHLJrZvut5puAbCdNv6WJk+B8ihI+k0c7JK5erwqQ==
  dependencies:
    at-least-node "^1.0.0"
    graceful-fs "^4.2.0"
    jsonfile "^6.0.1"
    universalify "^1.0.0"

fsevents@2.3.2:
  version "2.3.2"
  resolved "https://registry.yarnpkg.com/fsevents/-/fsevents-2.3.2.tgz#8a526f78b8fdf4623b709e0b975c52c24c02fd1a"
  integrity sha512-xiqMQR4xAeHTuB9uWm+fFRcIOgKBMiOBP+eXiyT7jsgVCq1bkVygt00oASowB7EdtpOHaaPgKt812P9ab+DDKA==

graceful-fs@^4.1.6, graceful-fs@^4.2.0:
  version "4.2.4"
  resolved "https://registry.yarnpkg.com/graceful-fs/-/graceful-fs-4.2.4.tgz#2256bde14d3632958c465ebc96dc467ca07a29fb"
  integrity sha512-WjKPNJF79dtJAVniUlGGWHYGz2jWxT6VhN/4m1NdkbZ2nOsEF+cI1Edgql5zCRhs/VsQYRvrXctxktVXZUkixw==

jsonfile@^6.0.1:
  version "6.0.1"
  resolved "https://registry.yarnpkg.com/jsonfile/-/jsonfile-6.0.1.tgz#98966cba214378c8c84b82e085907b40bf614179"
  integrity sha512-jR2b5v7d2vIOust+w3wtFKZIfpC2pnRmFAhAC/BuweZFQR8qZzxH1OyrQ10HmdVYiXWkYUqPVsz91cG7EL2FBg==
  dependencies:
    universalify "^1.0.0"
  optionalDependencies:
    graceful-fs "^4.1.6"

jsonschema@^1.2.5:
  version "1.2.6"
  resolved "https://registry.yarnpkg.com/jsonschema/-/jsonschema-1.2.6.tgz#52b0a8e9dc06bbae7295249d03e4b9faee8a0c0b"
  integrity sha512-SqhURKZG07JyKKeo/ir24QnS4/BV7a6gQy93bUSe4lUdNp0QNpIz2c9elWJQ9dpc5cQYY6cvCzgRwy0MQCLyqA==

long@^4.0.0:
  version "4.0.0"
  resolved "https://registry.yarnpkg.com/long/-/long-4.0.0.tgz#9a7b71cfb7d361a194ea555241c92f7468d5bf28"
  integrity sha512-XsP+KhQif4bjX1kbuSiySJFNAehNxgLb6hPRGJ9QsUr8ajHkuXGdrHmFUTUUXhDwVX2R5bY4JNZEwbUiMhV+MA==

minimatch@^3.0.4:
  version "3.0.4"
  resolved "https://registry.yarnpkg.com/minimatch/-/minimatch-3.0.4.tgz#5166e286457f03306064be5497e8dbb0c3d32083"
  integrity sha512-yJHVQEhyqPLUTgt9B83PXu6W3rx4MvvHvSUvToogpwoGDOUQ+yDrR0HRot+yOCdCO7u4hX3pWft6kWBBcqh0UA==
  dependencies:
    brace-expansion "^1.1.7"

protobufjs@6.8.8:
  version "6.8.8"
  resolved "https://registry.yarnpkg.com/protobufjs/-/protobufjs-6.8.8.tgz#c8b4f1282fd7a90e6f5b109ed11c84af82908e7c"
  integrity sha512-AAmHtD5pXgZfi7GMpllpO3q1Xw1OYldr+dMUlAnffGTAhqkg72WdmSY71uKBF/JuyiKs8psYbtKrhi0ASCD8qw==
  dependencies:
    "@protobufjs/aspromise" "^1.1.2"
    "@protobufjs/base64" "^1.1.2"
    "@protobufjs/codegen" "^2.0.4"
    "@protobufjs/eventemitter" "^1.1.0"
    "@protobufjs/fetch" "^1.1.0"
    "@protobufjs/float" "^1.0.2"
    "@protobufjs/inquire" "^1.1.0"
    "@protobufjs/path" "^1.1.2"
    "@protobufjs/pool" "^1.1.0"
    "@protobufjs/utf8" "^1.1.0"
    "@types/long" "^4.0.0"
    "@types/node" "^10.1.0"
    long "^4.0.0"

semver@5.6.0:
  version "5.6.0"
  resolved "https://registry.yarnpkg.com/semver/-/semver-5.6.0.tgz#7e74256fbaa49c75aa7c7a205cc22799cac80004"
  integrity sha512-RS9R6R35NYgQn++fkDWaOmqGoj4Ek9gGs+DPxNUZKuwE183xjJroKvyo1IzVFeXvUrvmALy6FWD5xrdJT25gMg==

semver@^7.2.2:
  version "7.3.2"
  resolved "https://registry.yarnpkg.com/semver/-/semver-7.3.2.tgz#604962b052b81ed0786aae84389ffba70ffd3938"
  integrity sha512-OrOb32TeeambH6UrhtShmF7CRDqhL6/5XpPNp2DuRH6+9QLw/orhp72j87v8Qa1ScDkvrrBNpZcDejAirJmfXQ==

source-map-support@0.5.9:
  version "0.5.9"
  resolved "https://registry.yarnpkg.com/source-map-support/-/source-map-support-0.5.9.tgz#41bc953b2534267ea2d605bccfa7bfa3111ced5f"
  integrity sha512-gR6Rw4MvUlYy83vP0vxoVNzM6t8MUXqNuRsuBmBHQDu1Fh6X015FrLdgoDKcNdkwGubozq0P4N0Q37UyFVr1EA==
  dependencies:
    buffer-from "^1.0.0"
    source-map "^0.6.0"

source-map@^0.6.0:
  version "0.6.1"
  resolved "https://registry.yarnpkg.com/source-map/-/source-map-0.6.1.tgz#74722af32e9614e9c287a8d0bbde48b5e2f1a263"
  integrity sha512-UjgapumWlbMhkBgzT7Ykc5YXUT46F0iKu8SGXq0bcwP5dz/h0Plj6enJqjz1Zbq2l5WaqYnrVbwWOWMyF3F47g==

tslib@^1.8.1:
  version "1.13.0"
  resolved "https://registry.yarnpkg.com/tslib/-/tslib-1.13.0.tgz#c881e13cc7015894ed914862d276436fa9a47043"
  integrity sha512-i/6DQjL8Xf3be4K/E6Wgpekn5Qasl1usyw++dAA35Ue5orEn65VIxOA+YvNNl9HV3qv70T7CNwjODHZrLwvd1Q==

tsutils@2.27.2:
  version "2.27.2"
  resolved "https://registry.yarnpkg.com/tsutils/-/tsutils-2.27.2.tgz#60ba88a23d6f785ec4b89c6e8179cac9b431f1c7"
  integrity sha512-qf6rmT84TFMuxAKez2pIfR8UCai49iQsfB7YWVjV1bKpy/d0PWT5rEOSM6La9PiHZ0k1RRZQiwVdVJfQ3BPHgg==
  dependencies:
    tslib "^1.8.1"

typescript@^3.9.5:
  version "3.9.5"
  resolved "https://registry.yarnpkg.com/typescript/-/typescript-3.9.5.tgz#586f0dba300cde8be52dd1ac4f7e1009c1b13f36"
  integrity sha512-hSAifV3k+i6lEoCJ2k6R2Z/rp/H3+8sdmcn5NrS3/3kE7+RyZXm9aqvxWqjEXHAd8b0pShatpcdMTvEdvAJltQ==

universalify@^1.0.0:
  version "1.0.0"
  resolved "https://registry.yarnpkg.com/universalify/-/universalify-1.0.0.tgz#b61a1da173e8435b2fe3c67d29b9adf8594bd16d"
  integrity sha512-rb6X1W158d7pRQBg5gkR8uPaSfiids68LTJQYOtEUhoJUWBdaQHsuT/EUduxXYxcrt4r5PJ4fuHW1MHT6p0qug==
